
Microsoft Visual Studio Solution File, Format Version 12.00
# Visual Studio Version 16
VisualStudioVersion = 16.0.30503.244
MinimumVisualStudioVersion = 10.0.40219.1
Project("{FAE04EC0-301F-11D3-BF4B-00C04F79EFBC}") = "ReadingAFiile", "ReadingAFiile.csproj", "{878EBAF0-BB6F-402A-877F-D30D29A834A3}"
EndProject
Global
	GlobalSection(SolutionConfigurationPlatforms) = preSolution
		Debug|Any CPU = Debug|Any CPU
		Release|Any CPU = Release|Any CPU
	EndGlobalSection
	GlobalSection(ProjectConfigurationPlatforms) = postSolution
		{878EBAF0-BB6F-402A-877F-D30D29A834A3}.Debug|Any CPU.ActiveCfg = Debug|Any CPU
		{878EBAF0-BB6F-402A-877F-D30D29A834A3}.Debug|Any CPU.Build.0 = Debug|Any CPU
		{878EBAF0-BB6F-402A-877F-D30D29A834A3}.Release|Any CPU.ActiveCfg = Release|Any CPU
		{878EBAF0-BB6F-402A-877F-D30D29A834A3}.Release|Any CPU.Build.0 = Release|Any CPU
	EndGlobalSection
	GlobalSection(SolutionProperties) = preSolution
		HideSolutionNode = FALSE
	EndGlobalSection
	GlobalSection(ExtensibilityGlobals) = postSolution
		SolutionGuid = {8BC18F15-905B-4E39-8FCD-E066F1D7C6CC}
	EndGlobalSection
EndGlobal
